<Solution>
  <Project Path="../../frontend/" Type="Website" DisplayName="frontend">
    <BuildType Project="Debug" />
    <Properties Name="WebsiteProperties">
      <Property Name="Debug.AspNetCompiler.Debug" Value="&quot;True&quot;" />
      <Property Name="Debug.AspNetCompiler.FixedNames" Value="&quot;false&quot;" />
      <Property Name="Debug.AspNetCompiler.ForceOverwrite" Value="&quot;true&quot;" />
      <Property Name="Debug.AspNetCompiler.PhysicalPath" Value="&quot;..\..\frontend\&quot;" />
      <Property Name="Debug.AspNetCompiler.TargetPath" Value="&quot;PrecompiledWeb\localhost_62672\&quot;" />
      <Property Name="Debug.AspNetCompiler.Updateable" Value="&quot;true&quot;" />
      <Property Name="Debug.AspNetCompiler.VirtualPath" Value="&quot;/localhost_62672&quot;" />
      <Property Name="Release.AspNetCompiler.Debug" Value="&quot;False&quot;" />
      <Property Name="Release.AspNetCompiler.FixedNames" Value="&quot;false&quot;" />
      <Property Name="Release.AspNetCompiler.ForceOverwrite" Value="&quot;true&quot;" />
      <Property Name="Release.AspNetCompiler.PhysicalPath" Value="&quot;..\..\frontend\&quot;" />
      <Property Name="Release.AspNetCompiler.TargetPath" Value="&quot;PrecompiledWeb\localhost_62672\&quot;" />
      <Property Name="Release.AspNetCompiler.Updateable" Value="&quot;true&quot;" />
      <Property Name="Release.AspNetCompiler.VirtualPath" Value="&quot;/localhost_62672&quot;" />
      <Property Name="TargetFrameworkMoniker" Value="&quot;.NETFramework,Version%3Dv4.8&quot;" />
      <Property Name="VWDPort" Value="&quot;62672&quot;" />
    </Properties>
  </Project>
  <Project Path="../KeepApi.Application/KeepApi.Application.csproj" Id="c56de929-dece-47ef-a552-3c8d37633d75" />
  <Project Path="../KeepApi.Common/KeepApi.Common.csproj" Id="995699b6-4c8f-4968-a0e9-bf38dd1c7a44" />
  <Project Path="../KeepApi.Data/KeepApi.Data.csproj" Id="9ad1bd68-464f-452c-a131-b7f850164733" />
  <Project Path="../KeepApi.Infrastructure/KeepApi.Infrastructure.csproj" Id="a5c3a941-37d1-4f07-a009-bfb3bae1827a" />
  <Project Path="KeepApi.csproj" />
</Solution>
